
Microsoft Visual Studio Solution File, Format Version 12.00
# Visual Studio Version 17
VisualStudioVersion = 17.11.35327.3
MinimumVisualStudioVersion = 10.0.40219.1
Project("{FAE04EC0-301F-11D3-BF4B-00C04F79EFBC}") = "UserDataFetcher", "UserDataFetcher\UserDataFetcher.csproj", "{94E85C02-D38C-4DFD-9749-E80E0A9A2A31}"
EndProject
Global
	GlobalSection(SolutionConfigurationPlatforms) = preSolution
		Debug|Any CPU = Debug|Any CPU
		Release|Any CPU = Release|Any CPU
	EndGlobalSection
	GlobalSection(ProjectConfigurationPlatforms) = postSolution
		{94E85C02-D38C-4DFD-9749-E80E0A9A2A31}.Debug|Any CPU.ActiveCfg = Debug|Any CPU
		{94E85C02-D38C-4DFD-9749-E80E0A9A2A31}.Debug|Any CPU.Build.0 = Debug|Any CPU
		{94E85C02-D38C-4DFD-9749-E80E0A9A2A31}.Release|Any CPU.ActiveCfg = Release|Any CPU
		{94E85C02-D38C-4DFD-9749-E80E0A9A2A31}.Release|Any CPU.Build.0 = Release|Any CPU
	EndGlobalSection
	GlobalSection(SolutionProperties) = preSolution
		HideSolutionNode = FALSE
	EndGlobalSection
	GlobalSection(ExtensibilityGlobals) = postSolution
		SolutionGuid = {E5888C15-D89A-4730-AF50-035191E82E31}
	EndGlobalSection
EndGlobal
